
Microsoft Visual Studio Solution File, Format Version 12.00
# Visual Studio Version 16
VisualStudioVersion = 16.0.30517.126
MinimumVisualStudioVersion = 10.0.40219.1
Project("{FAE04EC0-301F-11D3-BF4B-00C04F79EFBC}") = "University", "University\University.csproj", "{849913E9-4935-4E83-B3DB-C59B65317797}"
EndProject
Global
	GlobalSection(SolutionConfigurationPlatforms) = preSolution
		Debug|Any CPU = Debug|Any CPU
		Release|Any CPU = Release|Any CPU
	EndGlobalSection
	GlobalSection(ProjectConfigurationPlatforms) = postSolution
		{849913E9-4935-4E83-B3DB-C59B65317797}.Debug|Any CPU.ActiveCfg = Debug|Any CPU
		{849913E9-4935-4E83-B3DB-C59B65317797}.Debug|Any CPU.Build.0 = Debug|Any CPU
		{849913E9-4935-4E83-B3DB-C59B65317797}.Release|Any CPU.ActiveCfg = Release|Any CPU
		{849913E9-4935-4E83-B3DB-C59B65317797}.Release|Any CPU.Build.0 = Release|Any CPU
	EndGlobalSection
	GlobalSection(SolutionProperties) = preSolution
		HideSolutionNode = FALSE
	EndGlobalSection
	GlobalSection(ExtensibilityGlobals) = postSolution
		SolutionGuid = {F2EB50B3-4BDD-4C32-8F7F-06B517AF3C09}
	EndGlobalSection
EndGlobal
